{"format_version":"1.2","terraform_version":"1.13.1","variables":{"cloud_id":{"value":"b1gguv60gg3mvfac0ql6"},"default_cidr":{"value":["10.0.1.0/24"]},"default_zone":{"value":"ru-central1-a"},"folder_id":{"value":"b1g5ci4396hiqoljaan3"},"sub_vpc_name":{"value":"subnet"},"token":{"value":""},"vm_db_name":{"value":"netology-develop-platform-db"},"vm_web_name":{"value":"netology-develop-platform-web"},"vms_ssh_root_key":{"value":"~/.ssh/id_ed25519.pub"},"vpc_name":{"value":"net"}},"planned_values":{"root_module":{"resources":[{"address":"yandex_vpc_network.develop","mode":"managed","type":"yandex_vpc_network","name":"develop","provider_name":"registry.terraform.io/yandex-cloud/yandex","schema_version":0,"values":{"description":null,"name":"net","timeouts":null},"sensitive_values":{"labels":{},"subnet_ids":[]}},{"address":"yandex_vpc_subnet.develop","mode":"managed","type":"yandex_vpc_subnet","name":"develop","provider_name":"registry.terraform.io/yandex-cloud/yandex","schema_version":0,"values":{"description":null,"dhcp_options":[],"name":"subnet","route_table_id":null,"timeouts":null,"v4_cidr_blocks":["10.0.1.0/24"],"zone":"ru-central1-a"},"sensitive_values":{"dhcp_options":[],"labels":{},"v4_cidr_blocks":[false],"v6_cidr_blocks":[]}}]}},"resource_changes":[{"address":"yandex_vpc_network.develop","mode":"managed","type":"yandex_vpc_network","name":"develop","provider_name":"registry.terraform.io/yandex-cloud/yandex","change":{"actions":["create"],"before":null,"after":{"description":null,"name":"net","timeouts":null},"after_unknown":{"created_at":true,"default_security_group_id":true,"folder_id":true,"id":true,"labels":true,"subnet_ids":true},"before_sensitive":false,"after_sensitive":{"labels":{},"subnet_ids":[]}}},{"address":"yandex_vpc_subnet.develop","mode":"managed","type":"yandex_vpc_subnet","name":"develop","provider_name":"registry.terraform.io/yandex-cloud/yandex","change":{"actions":["create"],"before":null,"after":{"description":null,"dhcp_options":[],"name":"subnet","route_table_id":null,"timeouts":null,"v4_cidr_blocks":["10.0.1.0/24"],"zone":"ru-central1-a"},"after_unknown":{"created_at":true,"dhcp_options":[],"folder_id":true,"id":true,"labels":true,"network_id":true,"v4_cidr_blocks":[false],"v6_cidr_blocks":true},"before_sensitive":false,"after_sensitive":{"dhcp_options":[],"labels":{},"v4_cidr_blocks":[false],"v6_cidr_blocks":[]}}}],"configuration":{"provider_config":{"yandex":{"name":"yandex","full_name":"registry.terraform.io/yandex-cloud/yandex","version_constraint":"\u003e= 0.13.0","expressions":{"cloud_id":{"references":["var.cloud_id"]},"folder_id":{"references":["var.folder_id"]},"service_account_key_file":{"constant_value":"../cloud-key/key.json"},"zone":{"references":["var.default_zone"]}}}},"root_module":{"resources":[{"address":"yandex_vpc_network.develop","mode":"managed","type":"yandex_vpc_network","name":"develop","provider_config_key":"yandex","expressions":{"name":{"references":["var.vpc_name"]}},"schema_version":0},{"address":"yandex_vpc_subnet.develop","mode":"managed","type":"yandex_vpc_subnet","name":"develop","provider_config_key":"yandex","expressions":{"name":{"references":["var.sub_vpc_name"]},"network_id":{"references":["yandex_vpc_network.develop.id","yandex_vpc_network.develop"]},"v4_cidr_blocks":{"references":["var.default_cidr"]},"zone":{"references":["var.default_zone"]}},"schema_version":0}],"variables":{"cloud_id":{"description":"https://cloud.yandex.ru/docs/resource-manager/operations/cloud/get-id"},"default_cidr":{"default":["10.0.1.0/24"],"description":"https://cloud.yandex.ru/docs/vpc/operations/subnet-create"},"default_zone":{"default":"ru-central1-a","description":"https://cloud.yandex.ru/docs/overview/concepts/geo-scope"},"folder_id":{"description":"https://cloud.yandex.ru/docs/resource-manager/operations/folder/get-id"},"sub_vpc_name":{"default":"subnet","description":"VPC network\u0026subnet name"},"token":{"description":"OAuth-token; https://cloud.yandex.ru/docs/iam/concepts/authorization/oauth-token"},"vm_db_name":{"default":"netology-develop-platform-db","description":"example vm_db_ prefix"},"vm_web_name":{"default":"netology-develop-platform-web","description":"example vm_web_ prefix"},"vms_ssh_root_key":{"default":"~/.ssh/id_ed25519.pub","description":"ssh-keygen -t ed25519"},"vpc_name":{"default":"net","description":"VPC network\u0026subnet name"}}}},"relevant_attributes":[{"resource":"yandex_vpc_network.develop","attribute":["id"]}],"timestamp":"2025-12-07T08:13:50Z","applyable":true,"complete":true,"errored":false}
